
Microsoft Visual Studio Solution File, Format Version 12.00
# Visual Studio Version 16
VisualStudioVersion = 16.0.33027.164
MinimumVisualStudioVersion = 10.0.40219.1
Project("{8BC9CEB8-8B4A-11D0-8D11-00A0C91BC942}") = "17_01_2023", "17_01_2023\17_01_2023.vcxproj", "{DE5CAB65-B5F2-46D5-991C-0F428F427FC7}"
EndProject
Project("{8BC9CEB8-8B4A-11D0-8D11-00A0C91BC942}") = "24_01_2023", "24_01_2023\24_01_2023.vcxproj", "{EDACA6F3-29D1-402B-B885-531280E603D1}"
EndProject
Project("{8BC9CEB8-8B4A-11D0-8D11-00A0C91BC942}") = "31_01_2023", "31_01_2023\31_01_2023.vcxproj", "{54DD3AC1-830C-453E-A24B-0A8C778D237E}"
EndProject
Global
	GlobalSection(SolutionConfigurationPlatforms) = preSolution
		Debug|x64 = Debug|x64
		Debug|x86 = Debug|x86
		Release|x64 = Release|x64
		Release|x86 = Release|x86
	EndGlobalSection
	GlobalSection(ProjectConfigurationPlatforms) = postSolution
		{DE5CAB65-B5F2-46D5-991C-0F428F427FC7}.Debug|x64.ActiveCfg = Debug|x64
		{DE5CAB65-B5F2-46D5-991C-0F428F427FC7}.Debug|x64.Build.0 = Debug|x64
		{DE5CAB65-B5F2-46D5-991C-0F428F427FC7}.Debug|x86.ActiveCfg = Debug|Win32
		{DE5CAB65-B5F2-46D5-991C-0F428F427FC7}.Debug|x86.Build.0 = Debug|Win32
		{DE5CAB65-B5F2-46D5-991C-0F428F427FC7}.Release|x64.ActiveCfg = Release|x64
		{DE5CAB65-B5F2-46D5-991C-0F428F427FC7}.Release|x64.Build.0 = Release|x64
		{DE5CAB65-B5F2-46D5-991C-0F428F427FC7}.Release|x86.ActiveCfg = Release|Win32
		{DE5CAB65-B5F2-46D5-991C-0F428F427FC7}.Release|x86.Build.0 = Release|Win32
		{EDACA6F3-29D1-402B-B885-531280E603D1}.Debug|x64.ActiveCfg = Debug|x64
		{EDACA6F3-29D1-402B-B885-531280E603D1}.Debug|x64.Build.0 = Debug|x64
		{EDACA6F3-29D1-402B-B885-531280E603D1}.Debug|x86.ActiveCfg = Debug|Win32
		{EDACA6F3-29D1-402B-B885-531280E603D1}.Debug|x86.Build.0 = Debug|Win32
		{EDACA6F3-29D1-402B-B885-531280E603D1}.Release|x64.ActiveCfg = Release|x64
		{EDACA6F3-29D1-402B-B885-531280E603D1}.Release|x64.Build.0 = Release|x64
		{EDACA6F3-29D1-402B-B885-531280E603D1}.Release|x86.ActiveCfg = Release|Win32
		{EDACA6F3-29D1-402B-B885-531280E603D1}.Release|x86.Build.0 = Release|Win32
		{54DD3AC1-830C-453E-A24B-0A8C778D237E}.Debug|x64.ActiveCfg = Debug|x64
		{54DD3AC1-830C-453E-A24B-0A8C778D237E}.Debug|x64.Build.0 = Debug|x64
		{54DD3AC1-830C-453E-A24B-0A8C778D237E}.Debug|x86.ActiveCfg = Debug|Win32
		{54DD3AC1-830C-453E-A24B-0A8C778D237E}.Debug|x86.Build.0 = Debug|Win32
		{54DD3AC1-830C-453E-A24B-0A8C778D237E}.Release|x64.ActiveCfg = Release|x64
		{54DD3AC1-830C-453E-A24B-0A8C778D237E}.Release|x64.Build.0 = Release|x64
		{54DD3AC1-830C-453E-A24B-0A8C778D237E}.Release|x86.ActiveCfg = Release|Win32
		{54DD3AC1-830C-453E-A24B-0A8C778D237E}.Release|x86.Build.0 = Release|Win32
	EndGlobalSection
	GlobalSection(SolutionProperties) = preSolution
		HideSolutionNode = FALSE
	EndGlobalSection
	GlobalSection(ExtensibilityGlobals) = postSolution
		SolutionGuid = {3043F15E-1E8B-4B3D-A8BC-0AC515F0E246}
	EndGlobalSection
EndGlobal
