
Microsoft Visual Studio Solution File, Format Version 12.00
# Visual Studio Version 16
VisualStudioVersion = 16.0.33027.164
MinimumVisualStudioVersion = 10.0.40219.1
Project("{8BC9CEB8-8B4A-11D0-8D11-00A0C91BC942}") = "16_01_2023", "16_01_2023\16_01_2023.vcxproj", "{0655FA2A-360D-46FB-8CBA-4E4EC09B2246}"
EndProject
Project("{8BC9CEB8-8B4A-11D0-8D11-00A0C91BC942}") = "23_01_2023", "23_01_2023\23_01_2023.vcxproj", "{479EF98C-D8BF-4CD0-8456-8B5FA5872B3C}"
EndProject
Project("{8BC9CEB8-8B4A-11D0-8D11-00A0C91BC942}") = "30_01_2023", "30_01_2023\30_01_2023.vcxproj", "{FB6108F4-02EE-45D6-B7C7-C4A45BA7459B}"
EndProject
Project("{8BC9CEB8-8B4A-11D0-8D11-00A0C91BC942}") = "06_02_2023", "06_02_2023\06_02_2023.vcxproj", "{752867E2-C675-4150-8B12-0136ED7D69FF}"
EndProject
Project("{8BC9CEB8-8B4A-11D0-8D11-00A0C91BC942}") = "09_02_2023", "09_02_2023\09_02_2023.vcxproj", "{E2AB6CF8-240F-4AA0-80F5-AFACE6D5250B}"
EndProject
Project("{8BC9CEB8-8B4A-11D0-8D11-00A0C91BC942}") = "13_02_2023", "13_02_2023\13_02_2023.vcxproj", "{35F6EB6B-7012-42AE-825E-597A0B7300E6}"
EndProject
Project("{8BC9CEB8-8B4A-11D0-8D11-00A0C91BC942}") = "20_02_2023", "20_02_2023\20_02_2023.vcxproj", "{3A5C4258-33A3-41E8-9D34-F7A4EED956EE}"
EndProject
Global
	GlobalSection(SolutionConfigurationPlatforms) = preSolution
		Debug|x64 = Debug|x64
		Debug|x86 = Debug|x86
		Release|x64 = Release|x64
		Release|x86 = Release|x86
	EndGlobalSection
	GlobalSection(ProjectConfigurationPlatforms) = postSolution
		{0655FA2A-360D-46FB-8CBA-4E4EC09B2246}.Debug|x64.ActiveCfg = Debug|x64
		{0655FA2A-360D-46FB-8CBA-4E4EC09B2246}.Debug|x64.Build.0 = Debug|x64
		{0655FA2A-360D-46FB-8CBA-4E4EC09B2246}.Debug|x86.ActiveCfg = Debug|Win32
		{0655FA2A-360D-46FB-8CBA-4E4EC09B2246}.Debug|x86.Build.0 = Debug|Win32
		{0655FA2A-360D-46FB-8CBA-4E4EC09B2246}.Release|x64.ActiveCfg = Release|x64
		{0655FA2A-360D-46FB-8CBA-4E4EC09B2246}.Release|x64.Build.0 = Release|x64
		{0655FA2A-360D-46FB-8CBA-4E4EC09B2246}.Release|x86.ActiveCfg = Release|Win32
		{0655FA2A-360D-46FB-8CBA-4E4EC09B2246}.Release|x86.Build.0 = Release|Win32
		{479EF98C-D8BF-4CD0-8456-8B5FA5872B3C}.Debug|x64.ActiveCfg = Debug|x64
		{479EF98C-D8BF-4CD0-8456-8B5FA5872B3C}.Debug|x64.Build.0 = Debug|x64
		{479EF98C-D8BF-4CD0-8456-8B5FA5872B3C}.Debug|x86.ActiveCfg = Debug|Win32
		{479EF98C-D8BF-4CD0-8456-8B5FA5872B3C}.Debug|x86.Build.0 = Debug|Win32
		{479EF98C-D8BF-4CD0-8456-8B5FA5872B3C}.Release|x64.ActiveCfg = Release|x64
		{479EF98C-D8BF-4CD0-8456-8B5FA5872B3C}.Release|x64.Build.0 = Release|x64
		{479EF98C-D8BF-4CD0-8456-8B5FA5872B3C}.Release|x86.ActiveCfg = Release|Win32
		{479EF98C-D8BF-4CD0-8456-8B5FA5872B3C}.Release|x86.Build.0 = Release|Win32
		{FB6108F4-02EE-45D6-B7C7-C4A45BA7459B}.Debug|x64.ActiveCfg = Debug|x64
		{FB6108F4-02EE-45D6-B7C7-C4A45BA7459B}.Debug|x64.Build.0 = Debug|x64
		{FB6108F4-02EE-45D6-B7C7-C4A45BA7459B}.Debug|x86.ActiveCfg = Debug|Win32
		{FB6108F4-02EE-45D6-B7C7-C4A45BA7459B}.Debug|x86.Build.0 = Debug|Win32
		{FB6108F4-02EE-45D6-B7C7-C4A45BA7459B}.Release|x64.ActiveCfg = Release|x64
		{FB6108F4-02EE-45D6-B7C7-C4A45BA7459B}.Release|x64.Build.0 = Release|x64
		{FB6108F4-02EE-45D6-B7C7-C4A45BA7459B}.Release|x86.ActiveCfg = Release|Win32
		{FB6108F4-02EE-45D6-B7C7-C4A45BA7459B}.Release|x86.Build.0 = Release|Win32
		{752867E2-C675-4150-8B12-0136ED7D69FF}.Debug|x64.ActiveCfg = Debug|x64
		{752867E2-C675-4150-8B12-0136ED7D69FF}.Debug|x64.Build.0 = Debug|x64
		{752867E2-C675-4150-8B12-0136ED7D69FF}.Debug|x86.ActiveCfg = Debug|Win32
		{752867E2-C675-4150-8B12-0136ED7D69FF}.Debug|x86.Build.0 = Debug|Win32
		{752867E2-C675-4150-8B12-0136ED7D69FF}.Release|x64.ActiveCfg = Release|x64
		{752867E2-C675-4150-8B12-0136ED7D69FF}.Release|x64.Build.0 = Release|x64
		{752867E2-C675-4150-8B12-0136ED7D69FF}.Release|x86.ActiveCfg = Release|Win32
		{752867E2-C675-4150-8B12-0136ED7D69FF}.Release|x86.Build.0 = Release|Win32
		{E2AB6CF8-240F-4AA0-80F5-AFACE6D5250B}.Debug|x64.ActiveCfg = Debug|x64
		{E2AB6CF8-240F-4AA0-80F5-AFACE6D5250B}.Debug|x64.Build.0 = Debug|x64
		{E2AB6CF8-240F-4AA0-80F5-AFACE6D5250B}.Debug|x86.ActiveCfg = Debug|Win32
		{E2AB6CF8-240F-4AA0-80F5-AFACE6D5250B}.Debug|x86.Build.0 = Debug|Win32
		{E2AB6CF8-240F-4AA0-80F5-AFACE6D5250B}.Release|x64.ActiveCfg = Release|x64
		{E2AB6CF8-240F-4AA0-80F5-AFACE6D5250B}.Release|x64.Build.0 = Release|x64
		{E2AB6CF8-240F-4AA0-80F5-AFACE6D5250B}.Release|x86.ActiveCfg = Release|Win32
		{E2AB6CF8-240F-4AA0-80F5-AFACE6D5250B}.Release|x86.Build.0 = Release|Win32
		{35F6EB6B-7012-42AE-825E-597A0B7300E6}.Debug|x64.ActiveCfg = Debug|x64
		{35F6EB6B-7012-42AE-825E-597A0B7300E6}.Debug|x64.Build.0 = Debug|x64
		{35F6EB6B-7012-42AE-825E-597A0B7300E6}.Debug|x86.ActiveCfg = Debug|Win32
		{35F6EB6B-7012-42AE-825E-597A0B7300E6}.Debug|x86.Build.0 = Debug|Win32
		{35F6EB6B-7012-42AE-825E-597A0B7300E6}.Release|x64.ActiveCfg = Release|x64
		{35F6EB6B-7012-42AE-825E-597A0B7300E6}.Release|x64.Build.0 = Release|x64
		{35F6EB6B-7012-42AE-825E-597A0B7300E6}.Release|x86.ActiveCfg = Release|Win32
		{35F6EB6B-7012-42AE-825E-597A0B7300E6}.Release|x86.Build.0 = Release|Win32
		{3A5C4258-33A3-41E8-9D34-F7A4EED956EE}.Debug|x64.ActiveCfg = Debug|x64
		{3A5C4258-33A3-41E8-9D34-F7A4EED956EE}.Debug|x64.Build.0 = Debug|x64
		{3A5C4258-33A3-41E8-9D34-F7A4EED956EE}.Debug|x86.ActiveCfg = Debug|Win32
		{3A5C4258-33A3-41E8-9D34-F7A4EED956EE}.Debug|x86.Build.0 = Debug|Win32
		{3A5C4258-33A3-41E8-9D34-F7A4EED956EE}.Release|x64.ActiveCfg = Release|x64
		{3A5C4258-33A3-41E8-9D34-F7A4EED956EE}.Release|x64.Build.0 = Release|x64
		{3A5C4258-33A3-41E8-9D34-F7A4EED956EE}.Release|x86.ActiveCfg = Release|Win32
		{3A5C4258-33A3-41E8-9D34-F7A4EED956EE}.Release|x86.Build.0 = Release|Win32
	EndGlobalSection
	GlobalSection(SolutionProperties) = preSolution
		HideSolutionNode = FALSE
	EndGlobalSection
	GlobalSection(ExtensibilityGlobals) = postSolution
		SolutionGuid = {3BA332F8-46F9-4C75-B752-7D336AEA2819}
	EndGlobalSection
EndGlobal
