
Microsoft Visual Studio Solution File, Format Version 12.00
# Visual Studio Version 16
VisualStudioVersion = 16.0.33027.164
MinimumVisualStudioVersion = 10.0.40219.1
Project("{8BC9CEB8-8B4A-11D0-8D11-00A0C91BC942}") = "18_01_2023", "18_01_2023\18_01_2023.vcxproj", "{1F52D4A1-FC71-4CBF-AC9F-5708D81785ED}"
EndProject
Project("{8BC9CEB8-8B4A-11D0-8D11-00A0C91BC942}") = "25_01_2023", "25_01_2023\25_01_2023.vcxproj", "{817B3095-F92F-4F8A-B393-F2E35B515374}"
EndProject
Project("{8BC9CEB8-8B4A-11D0-8D11-00A0C91BC942}") = "01_02_2023", "01_02_2023\01_02_2023.vcxproj", "{1DCCE699-E111-4D99-ADE8-98E668118692}"
EndProject
Project("{8BC9CEB8-8B4A-11D0-8D11-00A0C91BC942}") = "02_02_2023", "02_02_2023\02_02_2023.vcxproj", "{9EDAFA86-B95B-4D46-BEAC-777C94E33842}"
EndProject
Project("{8BC9CEB8-8B4A-11D0-8D11-00A0C91BC942}") = "08_02_2023", "08_02_2023\08_02_2023.vcxproj", "{17E3981E-B5A1-458E-ADF9-7654210821F5}"
EndProject
Project("{8BC9CEB8-8B4A-11D0-8D11-00A0C91BC942}") = "15_02_2023", "15_02_2023\15_02_2023.vcxproj", "{3BD407AE-6038-4B84-8D1B-F53A586D49CF}"
EndProject
Global
	GlobalSection(SolutionConfigurationPlatforms) = preSolution
		Debug|x64 = Debug|x64
		Debug|x86 = Debug|x86
		Release|x64 = Release|x64
		Release|x86 = Release|x86
	EndGlobalSection
	GlobalSection(ProjectConfigurationPlatforms) = postSolution
		{1F52D4A1-FC71-4CBF-AC9F-5708D81785ED}.Debug|x64.ActiveCfg = Debug|x64
		{1F52D4A1-FC71-4CBF-AC9F-5708D81785ED}.Debug|x64.Build.0 = Debug|x64
		{1F52D4A1-FC71-4CBF-AC9F-5708D81785ED}.Debug|x86.ActiveCfg = Debug|Win32
		{1F52D4A1-FC71-4CBF-AC9F-5708D81785ED}.Debug|x86.Build.0 = Debug|Win32
		{1F52D4A1-FC71-4CBF-AC9F-5708D81785ED}.Release|x64.ActiveCfg = Release|x64
		{1F52D4A1-FC71-4CBF-AC9F-5708D81785ED}.Release|x64.Build.0 = Release|x64
		{1F52D4A1-FC71-4CBF-AC9F-5708D81785ED}.Release|x86.ActiveCfg = Release|Win32
		{1F52D4A1-FC71-4CBF-AC9F-5708D81785ED}.Release|x86.Build.0 = Release|Win32
		{817B3095-F92F-4F8A-B393-F2E35B515374}.Debug|x64.ActiveCfg = Debug|x64
		{817B3095-F92F-4F8A-B393-F2E35B515374}.Debug|x64.Build.0 = Debug|x64
		{817B3095-F92F-4F8A-B393-F2E35B515374}.Debug|x86.ActiveCfg = Debug|Win32
		{817B3095-F92F-4F8A-B393-F2E35B515374}.Debug|x86.Build.0 = Debug|Win32
		{817B3095-F92F-4F8A-B393-F2E35B515374}.Release|x64.ActiveCfg = Release|x64
		{817B3095-F92F-4F8A-B393-F2E35B515374}.Release|x64.Build.0 = Release|x64
		{817B3095-F92F-4F8A-B393-F2E35B515374}.Release|x86.ActiveCfg = Release|Win32
		{817B3095-F92F-4F8A-B393-F2E35B515374}.Release|x86.Build.0 = Release|Win32
		{1DCCE699-E111-4D99-ADE8-98E668118692}.Debug|x64.ActiveCfg = Debug|x64
		{1DCCE699-E111-4D99-ADE8-98E668118692}.Debug|x64.Build.0 = Debug|x64
		{1DCCE699-E111-4D99-ADE8-98E668118692}.Debug|x86.ActiveCfg = Debug|Win32
		{1DCCE699-E111-4D99-ADE8-98E668118692}.Debug|x86.Build.0 = Debug|Win32
		{1DCCE699-E111-4D99-ADE8-98E668118692}.Release|x64.ActiveCfg = Release|x64
		{1DCCE699-E111-4D99-ADE8-98E668118692}.Release|x64.Build.0 = Release|x64
		{1DCCE699-E111-4D99-ADE8-98E668118692}.Release|x86.ActiveCfg = Release|Win32
		{1DCCE699-E111-4D99-ADE8-98E668118692}.Release|x86.Build.0 = Release|Win32
		{9EDAFA86-B95B-4D46-BEAC-777C94E33842}.Debug|x64.ActiveCfg = Debug|x64
		{9EDAFA86-B95B-4D46-BEAC-777C94E33842}.Debug|x64.Build.0 = Debug|x64
		{9EDAFA86-B95B-4D46-BEAC-777C94E33842}.Debug|x86.ActiveCfg = Debug|Win32
		{9EDAFA86-B95B-4D46-BEAC-777C94E33842}.Debug|x86.Build.0 = Debug|Win32
		{9EDAFA86-B95B-4D46-BEAC-777C94E33842}.Release|x64.ActiveCfg = Release|x64
		{9EDAFA86-B95B-4D46-BEAC-777C94E33842}.Release|x64.Build.0 = Release|x64
		{9EDAFA86-B95B-4D46-BEAC-777C94E33842}.Release|x86.ActiveCfg = Release|Win32
		{9EDAFA86-B95B-4D46-BEAC-777C94E33842}.Release|x86.Build.0 = Release|Win32
		{17E3981E-B5A1-458E-ADF9-7654210821F5}.Debug|x64.ActiveCfg = Debug|x64
		{17E3981E-B5A1-458E-ADF9-7654210821F5}.Debug|x64.Build.0 = Debug|x64
		{17E3981E-B5A1-458E-ADF9-7654210821F5}.Debug|x86.ActiveCfg = Debug|Win32
		{17E3981E-B5A1-458E-ADF9-7654210821F5}.Debug|x86.Build.0 = Debug|Win32
		{17E3981E-B5A1-458E-ADF9-7654210821F5}.Release|x64.ActiveCfg = Release|x64
		{17E3981E-B5A1-458E-ADF9-7654210821F5}.Release|x64.Build.0 = Release|x64
		{17E3981E-B5A1-458E-ADF9-7654210821F5}.Release|x86.ActiveCfg = Release|Win32
		{17E3981E-B5A1-458E-ADF9-7654210821F5}.Release|x86.Build.0 = Release|Win32
		{3BD407AE-6038-4B84-8D1B-F53A586D49CF}.Debug|x64.ActiveCfg = Debug|x64
		{3BD407AE-6038-4B84-8D1B-F53A586D49CF}.Debug|x64.Build.0 = Debug|x64
		{3BD407AE-6038-4B84-8D1B-F53A586D49CF}.Debug|x86.ActiveCfg = Debug|Win32
		{3BD407AE-6038-4B84-8D1B-F53A586D49CF}.Debug|x86.Build.0 = Debug|Win32
		{3BD407AE-6038-4B84-8D1B-F53A586D49CF}.Release|x64.ActiveCfg = Release|x64
		{3BD407AE-6038-4B84-8D1B-F53A586D49CF}.Release|x64.Build.0 = Release|x64
		{3BD407AE-6038-4B84-8D1B-F53A586D49CF}.Release|x86.ActiveCfg = Release|Win32
		{3BD407AE-6038-4B84-8D1B-F53A586D49CF}.Release|x86.Build.0 = Release|Win32
	EndGlobalSection
	GlobalSection(SolutionProperties) = preSolution
		HideSolutionNode = FALSE
	EndGlobalSection
	GlobalSection(ExtensibilityGlobals) = postSolution
		SolutionGuid = {6ACFB95B-E9FE-45DA-BE6A-64B2BE29BD9F}
	EndGlobalSection
EndGlobal
