
Microsoft Visual Studio Solution File, Format Version 12.00
# Visual Studio Version 16
VisualStudioVersion = 16.0.33027.164
MinimumVisualStudioVersion = 10.0.40219.1
Project("{8BC9CEB8-8B4A-11D0-8D11-00A0C91BC942}") = "15_01_2023", "15_01_2023\15_01_2023.vcxproj", "{086282F0-F1AE-404F-AFBE-6855E8DBA991}"
EndProject
Project("{8BC9CEB8-8B4A-11D0-8D11-00A0C91BC942}") = "29_01_2023", "29_01_2023\29_01_2023.vcxproj", "{7FED5AAD-ED55-486A-85FA-CB22D182F980}"
EndProject
Project("{8BC9CEB8-8B4A-11D0-8D11-00A0C91BC942}") = "05_02_2023", "05_02_2023\05_02_2023.vcxproj", "{E7AB04A9-EC79-4DF8-9872-A5E84864D875}"
EndProject
Project("{8BC9CEB8-8B4A-11D0-8D11-00A0C91BC942}") = "12_02_2023", "12_02_2023\12_02_2023.vcxproj", "{4DD10C67-78B9-41B9-94F6-2CE5A68F3BA7}"
EndProject
Project("{8BC9CEB8-8B4A-11D0-8D11-00A0C91BC942}") = "19_02_2023", "19_02_2023\19_02_2023.vcxproj", "{9CF36E96-B671-46D4-886B-E4E2FBE3BBB1}"
EndProject
Project("{8BC9CEB8-8B4A-11D0-8D11-00A0C91BC942}") = "26_02_2023", "26_02_2023\26_02_2023.vcxproj", "{F46F9CC6-D8F7-4A45-AC41-4CA68FD7F7E2}"
EndProject
Global
	GlobalSection(SolutionConfigurationPlatforms) = preSolution
		Debug|x64 = Debug|x64
		Debug|x86 = Debug|x86
		Release|x64 = Release|x64
		Release|x86 = Release|x86
	EndGlobalSection
	GlobalSection(ProjectConfigurationPlatforms) = postSolution
		{086282F0-F1AE-404F-AFBE-6855E8DBA991}.Debug|x64.ActiveCfg = Debug|x64
		{086282F0-F1AE-404F-AFBE-6855E8DBA991}.Debug|x64.Build.0 = Debug|x64
		{086282F0-F1AE-404F-AFBE-6855E8DBA991}.Debug|x86.ActiveCfg = Debug|Win32
		{086282F0-F1AE-404F-AFBE-6855E8DBA991}.Debug|x86.Build.0 = Debug|Win32
		{086282F0-F1AE-404F-AFBE-6855E8DBA991}.Release|x64.ActiveCfg = Release|x64
		{086282F0-F1AE-404F-AFBE-6855E8DBA991}.Release|x64.Build.0 = Release|x64
		{086282F0-F1AE-404F-AFBE-6855E8DBA991}.Release|x86.ActiveCfg = Release|Win32
		{086282F0-F1AE-404F-AFBE-6855E8DBA991}.Release|x86.Build.0 = Release|Win32
		{7FED5AAD-ED55-486A-85FA-CB22D182F980}.Debug|x64.ActiveCfg = Debug|x64
		{7FED5AAD-ED55-486A-85FA-CB22D182F980}.Debug|x64.Build.0 = Debug|x64
		{7FED5AAD-ED55-486A-85FA-CB22D182F980}.Debug|x86.ActiveCfg = Debug|Win32
		{7FED5AAD-ED55-486A-85FA-CB22D182F980}.Debug|x86.Build.0 = Debug|Win32
		{7FED5AAD-ED55-486A-85FA-CB22D182F980}.Release|x64.ActiveCfg = Release|x64
		{7FED5AAD-ED55-486A-85FA-CB22D182F980}.Release|x64.Build.0 = Release|x64
		{7FED5AAD-ED55-486A-85FA-CB22D182F980}.Release|x86.ActiveCfg = Release|Win32
		{7FED5AAD-ED55-486A-85FA-CB22D182F980}.Release|x86.Build.0 = Release|Win32
		{E7AB04A9-EC79-4DF8-9872-A5E84864D875}.Debug|x64.ActiveCfg = Debug|x64
		{E7AB04A9-EC79-4DF8-9872-A5E84864D875}.Debug|x64.Build.0 = Debug|x64
		{E7AB04A9-EC79-4DF8-9872-A5E84864D875}.Debug|x86.ActiveCfg = Debug|Win32
		{E7AB04A9-EC79-4DF8-9872-A5E84864D875}.Debug|x86.Build.0 = Debug|Win32
		{E7AB04A9-EC79-4DF8-9872-A5E84864D875}.Release|x64.ActiveCfg = Release|x64
		{E7AB04A9-EC79-4DF8-9872-A5E84864D875}.Release|x64.Build.0 = Release|x64
		{E7AB04A9-EC79-4DF8-9872-A5E84864D875}.Release|x86.ActiveCfg = Release|Win32
		{E7AB04A9-EC79-4DF8-9872-A5E84864D875}.Release|x86.Build.0 = Release|Win32
		{4DD10C67-78B9-41B9-94F6-2CE5A68F3BA7}.Debug|x64.ActiveCfg = Debug|x64
		{4DD10C67-78B9-41B9-94F6-2CE5A68F3BA7}.Debug|x64.Build.0 = Debug|x64
		{4DD10C67-78B9-41B9-94F6-2CE5A68F3BA7}.Debug|x86.ActiveCfg = Debug|Win32
		{4DD10C67-78B9-41B9-94F6-2CE5A68F3BA7}.Debug|x86.Build.0 = Debug|Win32
		{4DD10C67-78B9-41B9-94F6-2CE5A68F3BA7}.Release|x64.ActiveCfg = Release|x64
		{4DD10C67-78B9-41B9-94F6-2CE5A68F3BA7}.Release|x64.Build.0 = Release|x64
		{4DD10C67-78B9-41B9-94F6-2CE5A68F3BA7}.Release|x86.ActiveCfg = Release|Win32
		{4DD10C67-78B9-41B9-94F6-2CE5A68F3BA7}.Release|x86.Build.0 = Release|Win32
		{9CF36E96-B671-46D4-886B-E4E2FBE3BBB1}.Debug|x64.ActiveCfg = Debug|x64
		{9CF36E96-B671-46D4-886B-E4E2FBE3BBB1}.Debug|x64.Build.0 = Debug|x64
		{9CF36E96-B671-46D4-886B-E4E2FBE3BBB1}.Debug|x86.ActiveCfg = Debug|Win32
		{9CF36E96-B671-46D4-886B-E4E2FBE3BBB1}.Debug|x86.Build.0 = Debug|Win32
		{9CF36E96-B671-46D4-886B-E4E2FBE3BBB1}.Release|x64.ActiveCfg = Release|x64
		{9CF36E96-B671-46D4-886B-E4E2FBE3BBB1}.Release|x64.Build.0 = Release|x64
		{9CF36E96-B671-46D4-886B-E4E2FBE3BBB1}.Release|x86.ActiveCfg = Release|Win32
		{9CF36E96-B671-46D4-886B-E4E2FBE3BBB1}.Release|x86.Build.0 = Release|Win32
		{F46F9CC6-D8F7-4A45-AC41-4CA68FD7F7E2}.Debug|x64.ActiveCfg = Debug|x64
		{F46F9CC6-D8F7-4A45-AC41-4CA68FD7F7E2}.Debug|x64.Build.0 = Debug|x64
		{F46F9CC6-D8F7-4A45-AC41-4CA68FD7F7E2}.Debug|x86.ActiveCfg = Debug|Win32
		{F46F9CC6-D8F7-4A45-AC41-4CA68FD7F7E2}.Debug|x86.Build.0 = Debug|Win32
		{F46F9CC6-D8F7-4A45-AC41-4CA68FD7F7E2}.Release|x64.ActiveCfg = Release|x64
		{F46F9CC6-D8F7-4A45-AC41-4CA68FD7F7E2}.Release|x64.Build.0 = Release|x64
		{F46F9CC6-D8F7-4A45-AC41-4CA68FD7F7E2}.Release|x86.ActiveCfg = Release|Win32
		{F46F9CC6-D8F7-4A45-AC41-4CA68FD7F7E2}.Release|x86.Build.0 = Release|Win32
	EndGlobalSection
	GlobalSection(SolutionProperties) = preSolution
		HideSolutionNode = FALSE
	EndGlobalSection
	GlobalSection(ExtensibilityGlobals) = postSolution
		SolutionGuid = {CE7DBF4B-3C49-4046-867D-DFB56AFA0BE7}
	EndGlobalSection
EndGlobal
